
Microsoft Visual Studio Solution File, Format Version 12.00
# Visual Studio Version 17
VisualStudioVersion = 17.3.32922.545
MinimumVisualStudioVersion = 10.0.40219.1
Project("{FAE04EC0-301F-11D3-BF4B-00C04F79EFBC}") = "Tugas3.2", "Tugas3.2\Tugas3.2.csproj", "{52CBFF5B-2AA7-483E-A7BE-F9A3B4C97D9B}"
EndProject
Global
	GlobalSection(SolutionConfigurationPlatforms) = preSolution
		Debug|Any CPU = Debug|Any CPU
		Release|Any CPU = Release|Any CPU
	EndGlobalSection
	GlobalSection(ProjectConfigurationPlatforms) = postSolution
		{52CBFF5B-2AA7-483E-A7BE-F9A3B4C97D9B}.Debug|Any CPU.ActiveCfg = Debug|Any CPU
		{52CBFF5B-2AA7-483E-A7BE-F9A3B4C97D9B}.Debug|Any CPU.Build.0 = Debug|Any CPU
		{52CBFF5B-2AA7-483E-A7BE-F9A3B4C97D9B}.Release|Any CPU.ActiveCfg = Release|Any CPU
		{52CBFF5B-2AA7-483E-A7BE-F9A3B4C97D9B}.Release|Any CPU.Build.0 = Release|Any CPU
	EndGlobalSection
	GlobalSection(SolutionProperties) = preSolution
		HideSolutionNode = FALSE
	EndGlobalSection
	GlobalSection(ExtensibilityGlobals) = postSolution
		SolutionGuid = {865DF2F8-374F-4D93-BB37-D47E01CC8C49}
	EndGlobalSection
EndGlobal
